
Microsoft Visual Studio Solution File, Format Version 12.00
# Visual Studio 14
VisualStudioVersion = 14.0.25420.1
MinimumVisualStudioVersion = 10.0.40219.1
Project("{F184B08F-C81C-45F6-A57F-5ABD9991F28F}") = "alcoReload", "alcoReload\alcoReload.vbproj", "{5ADE982B-94B2-4E5E-B891-478BDF5AA23A}"
	ProjectSection(ProjectDependencies) = postProject
		{F033154D-7021-4439-AAD0-B4FA0340F3DE} = {F033154D-7021-4439-AAD0-B4FA0340F3DE}
	EndProjectSection
EndProject
Project("{F184B08F-C81C-45F6-A57F-5ABD9991F28F}") = "ReglasNegocio", "ReglasNegocio\ReglasNegocio.vbproj", "{946B2222-3645-424D-93B0-26DDE8C69C00}"
EndProject
Project("{FAE04EC0-301F-11D3-BF4B-00C04F79EFBC}") = "Formulador", "Formulador\Formulador.csproj", "{92A0A81F-7CC4-4A84-8FE9-D350B62160C6}"
EndProject
Project("{FAE04EC0-301F-11D3-BF4B-00C04F79EFBC}") = "MdiTabPagesBar", "MdiTabPagesBar\MdiTabPagesBar.csproj", "{20E87DAB-C1BD-417C-8655-EBBB3AE37E0B}"
EndProject
Project("{FAE04EC0-301F-11D3-BF4B-00C04F79EFBC}") = "RichTextBoxSyntaxHighLight", "RichTextBoxSintaxHighLight\RichTextBoxSyntaxHighLight.csproj", "{27B57ACA-05A4-49B8-9972-3AA839305EC0}"
EndProject
Project("{FAE04EC0-301F-11D3-BF4B-00C04F79EFBC}") = "Multiusos", "Multiusos\Multiusos.csproj", "{79D95493-1113-42BF-B96A-FA07EFEBAB0A}"
EndProject
Project("{FAE04EC0-301F-11D3-BF4B-00C04F79EFBC}") = "DXF", "DXF\DXF.csproj", "{8621E32F-7F8F-4B3F-89ED-D3E15192FD61}"
EndProject
Project("{FAE04EC0-301F-11D3-BF4B-00C04F79EFBC}") = "ControlesPersonalizados", "ControlesPersonalizados\ControlesPersonalizados.csproj", "{55FF1E0A-B1DC-4FED-9DB8-FE47B19A271B}"
EndProject
Project("{FAE04EC0-301F-11D3-BF4B-00C04F79EFBC}") = "Ribbon35", "Ribbon35\Ribbon35.csproj", "{0147ABFE-17E6-467E-97F4-139069669B25}"
EndProject
Project("{F184B08F-C81C-45F6-A57F-5ABD9991F28F}") = "Validaciones", "Validaciones\Validaciones.vbproj", "{AF0BE302-5AE2-4C74-9115-1342198ECB90}"
EndProject
Project("{FAE04EC0-301F-11D3-BF4B-00C04F79EFBC}") = "ManualesyAyudas", "ManualesyAyudas\ManualesyAyudas.csproj", "{E64A6562-57B5-4685-B4AF-67CD7672CBF9}"
EndProject
Project("{FAE04EC0-301F-11D3-BF4B-00C04F79EFBC}") = "ComboBoxMultiColumna", "ComboBoxMultiColumna\ComboBoxMultiColumna.csproj", "{DA514ED9-DEC9-469E-AFA4-1584646F540E}"
EndProject
Project("{FAE04EC0-301F-11D3-BF4B-00C04F79EFBC}") = "TreeDatagridview", "TreeDatagridview\TreeDatagridview.csproj", "{E3169945-942D-426D-9D97-CDB04A6B17DE}"
EndProject
Project("{FAE04EC0-301F-11D3-BF4B-00C04F79EFBC}") = "Norma NSR", "Norma NSR\Norma NSR.csproj", "{220CDE2E-E7C8-4976-97F7-FE773CE2CC0B}"
EndProject
Project("{FAE04EC0-301F-11D3-BF4B-00C04F79EFBC}") = "ManejoExcepciones", "ManejoExcepciones\ManejoExcepciones.csproj", "{0613EA51-CAF0-4562-810F-5F3A50BF27E1}"
EndProject
Project("{F184B08F-C81C-45F6-A57F-5ABD9991F28F}") = "Informes", "Informes\Informes.vbproj", "{F033154D-7021-4439-AAD0-B4FA0340F3DE}"
	ProjectSection(ProjectDependencies) = postProject
		{2583DC96-F7BA-4E87-97D3-215B6BF8DD92} = {2583DC96-F7BA-4E87-97D3-215B6BF8DD92}
	EndProjectSection
EndProject
Project("{F184B08F-C81C-45F6-A57F-5ABD9991F28F}") = "Datos", "Datos\Datos.vbproj", "{2583DC96-F7BA-4E87-97D3-215B6BF8DD92}"
EndProject
Project("{FAE04EC0-301F-11D3-BF4B-00C04F79EFBC}") = "EspecialColumns", "EspecialColumns\EspecialColumns.csproj", "{AC47C27B-238C-4BFF-8018-E6E551F30B7A}"
EndProject
Project("{FAE04EC0-301F-11D3-BF4B-00C04F79EFBC}") = "RichTextboxExtendido", "RichTextboxExtendido\RichTextboxExtendido.csproj", "{C51F6E1D-0B77-4E1E-8A32-6B753D6F356C}"
EndProject
Project("{FAE04EC0-301F-11D3-BF4B-00C04F79EFBC}") = "FormatosExportacion", "FormatosExportacion\FormatosExportacion.csproj", "{04E88229-A022-4C94-8F95-EC8A71EF253A}"
EndProject
Project("{FAE04EC0-301F-11D3-BF4B-00C04F79EFBC}") = "ToolStrip_Extras", "ToolStrip_Extras\ToolStrip_Extras.csproj", "{3897386B-870A-45A3-849F-C44C18FC11EC}"
EndProject
Project("{FAE04EC0-301F-11D3-BF4B-00C04F79EFBC}") = "Alco_Web", "Alco_Web\Alco_Web.csproj", "{95094448-0BC7-4E5B-9306-3A88F0DD676C}"
EndProject
Global
	GlobalSection(SolutionConfigurationPlatforms) = preSolution
		Debug|Any CPU = Debug|Any CPU
		Debug|Mixed Platforms = Debug|Mixed Platforms
		Debug|x86 = Debug|x86
		Release|Any CPU = Release|Any CPU
		Release|Mixed Platforms = Release|Mixed Platforms
		Release|x86 = Release|x86
	EndGlobalSection
	GlobalSection(ProjectConfigurationPlatforms) = postSolution
		{5ADE982B-94B2-4E5E-B891-478BDF5AA23A}.Debug|Any CPU.ActiveCfg = Debug|x86
		{5ADE982B-94B2-4E5E-B891-478BDF5AA23A}.Debug|Mixed Platforms.ActiveCfg = Debug|x86
		{5ADE982B-94B2-4E5E-B891-478BDF5AA23A}.Debug|Mixed Platforms.Build.0 = Debug|x86
		{5ADE982B-94B2-4E5E-B891-478BDF5AA23A}.Debug|x86.ActiveCfg = Debug|x86
		{5ADE982B-94B2-4E5E-B891-478BDF5AA23A}.Debug|x86.Build.0 = Debug|x86
		{5ADE982B-94B2-4E5E-B891-478BDF5AA23A}.Release|Any CPU.ActiveCfg = Release|x86
		{5ADE982B-94B2-4E5E-B891-478BDF5AA23A}.Release|Mixed Platforms.ActiveCfg = Release|x86
		{5ADE982B-94B2-4E5E-B891-478BDF5AA23A}.Release|Mixed Platforms.Build.0 = Release|x86
		{5ADE982B-94B2-4E5E-B891-478BDF5AA23A}.Release|x86.ActiveCfg = Release|x86
		{5ADE982B-94B2-4E5E-B891-478BDF5AA23A}.Release|x86.Build.0 = Release|x86
		{946B2222-3645-424D-93B0-26DDE8C69C00}.Debug|Any CPU.ActiveCfg = Debug|Any CPU
		{946B2222-3645-424D-93B0-26DDE8C69C00}.Debug|Any CPU.Build.0 = Debug|Any CPU
		{946B2222-3645-424D-93B0-26DDE8C69C00}.Debug|Mixed Platforms.ActiveCfg = Debug|Any CPU
		{946B2222-3645-424D-93B0-26DDE8C69C00}.Debug|Mixed Platforms.Build.0 = Debug|Any CPU
		{946B2222-3645-424D-93B0-26DDE8C69C00}.Debug|x86.ActiveCfg = Debug|Any CPU
		{946B2222-3645-424D-93B0-26DDE8C69C00}.Release|Any CPU.ActiveCfg = Release|Any CPU
		{946B2222-3645-424D-93B0-26DDE8C69C00}.Release|Any CPU.Build.0 = Release|Any CPU
		{946B2222-3645-424D-93B0-26DDE8C69C00}.Release|Mixed Platforms.ActiveCfg = Release|Any CPU
		{946B2222-3645-424D-93B0-26DDE8C69C00}.Release|Mixed Platforms.Build.0 = Release|Any CPU
		{946B2222-3645-424D-93B0-26DDE8C69C00}.Release|x86.ActiveCfg = Release|Any CPU
		{92A0A81F-7CC4-4A84-8FE9-D350B62160C6}.Debug|Any CPU.ActiveCfg = Debug|Any CPU
		{92A0A81F-7CC4-4A84-8FE9-D350B62160C6}.Debug|Any CPU.Build.0 = Debug|Any CPU
		{92A0A81F-7CC4-4A84-8FE9-D350B62160C6}.Debug|Mixed Platforms.ActiveCfg = Debug|Any CPU
		{92A0A81F-7CC4-4A84-8FE9-D350B62160C6}.Debug|Mixed Platforms.Build.0 = Debug|Any CPU
		{92A0A81F-7CC4-4A84-8FE9-D350B62160C6}.Debug|x86.ActiveCfg = Debug|Any CPU
		{92A0A81F-7CC4-4A84-8FE9-D350B62160C6}.Release|Any CPU.ActiveCfg = Release|Any CPU
		{92A0A81F-7CC4-4A84-8FE9-D350B62160C6}.Release|Any CPU.Build.0 = Release|Any CPU
		{92A0A81F-7CC4-4A84-8FE9-D350B62160C6}.Release|Mixed Platforms.ActiveCfg = Release|Any CPU
		{92A0A81F-7CC4-4A84-8FE9-D350B62160C6}.Release|Mixed Platforms.Build.0 = Release|Any CPU
		{92A0A81F-7CC4-4A84-8FE9-D350B62160C6}.Release|x86.ActiveCfg = Release|Any CPU
		{20E87DAB-C1BD-417C-8655-EBBB3AE37E0B}.Debug|Any CPU.ActiveCfg = Debug|Any CPU
		{20E87DAB-C1BD-417C-8655-EBBB3AE37E0B}.Debug|Any CPU.Build.0 = Debug|Any CPU
		{20E87DAB-C1BD-417C-8655-EBBB3AE37E0B}.Debug|Mixed Platforms.ActiveCfg = Debug|Any CPU
		{20E87DAB-C1BD-417C-8655-EBBB3AE37E0B}.Debug|Mixed Platforms.Build.0 = Debug|Any CPU
		{20E87DAB-C1BD-417C-8655-EBBB3AE37E0B}.Debug|x86.ActiveCfg = Debug|Any CPU
		{20E87DAB-C1BD-417C-8655-EBBB3AE37E0B}.Debug|x86.Build.0 = Debug|Any CPU
		{20E87DAB-C1BD-417C-8655-EBBB3AE37E0B}.Release|Any CPU.ActiveCfg = Release|Any CPU
		{20E87DAB-C1BD-417C-8655-EBBB3AE37E0B}.Release|Any CPU.Build.0 = Release|Any CPU
		{20E87DAB-C1BD-417C-8655-EBBB3AE37E0B}.Release|Mixed Platforms.ActiveCfg = Release|Any CPU
		{20E87DAB-C1BD-417C-8655-EBBB3AE37E0B}.Release|Mixed Platforms.Build.0 = Release|Any CPU
		{20E87DAB-C1BD-417C-8655-EBBB3AE37E0B}.Release|x86.ActiveCfg = Release|Any CPU
		{20E87DAB-C1BD-417C-8655-EBBB3AE37E0B}.Release|x86.Build.0 = Release|Any CPU
		{27B57ACA-05A4-49B8-9972-3AA839305EC0}.Debug|Any CPU.ActiveCfg = Debug|Any CPU
		{27B57ACA-05A4-49B8-9972-3AA839305EC0}.Debug|Any CPU.Build.0 = Debug|Any CPU
		{27B57ACA-05A4-49B8-9972-3AA839305EC0}.Debug|Mixed Platforms.ActiveCfg = Debug|Any CPU
		{27B57ACA-05A4-49B8-9972-3AA839305EC0}.Debug|Mixed Platforms.Build.0 = Debug|Any CPU
		{27B57ACA-05A4-49B8-9972-3AA839305EC0}.Debug|x86.ActiveCfg = Debug|Any CPU
		{27B57ACA-05A4-49B8-9972-3AA839305EC0}.Debug|x86.Build.0 = Debug|Any CPU
		{27B57ACA-05A4-49B8-9972-3AA839305EC0}.Release|Any CPU.ActiveCfg = Release|Any CPU
		{27B57ACA-05A4-49B8-9972-3AA839305EC0}.Release|Any CPU.Build.0 = Release|Any CPU
		{27B57ACA-05A4-49B8-9972-3AA839305EC0}.Release|Mixed Platforms.ActiveCfg = Release|Any CPU
		{27B57ACA-05A4-49B8-9972-3AA839305EC0}.Release|Mixed Platforms.Build.0 = Release|Any CPU
		{27B57ACA-05A4-49B8-9972-3AA839305EC0}.Release|x86.ActiveCfg = Release|Any CPU
		{27B57ACA-05A4-49B8-9972-3AA839305EC0}.Release|x86.Build.0 = Release|Any CPU
		{79D95493-1113-42BF-B96A-FA07EFEBAB0A}.Debug|Any CPU.ActiveCfg = Debug|Any CPU
		{79D95493-1113-42BF-B96A-FA07EFEBAB0A}.Debug|Any CPU.Build.0 = Debug|Any CPU
		{79D95493-1113-42BF-B96A-FA07EFEBAB0A}.Debug|Mixed Platforms.ActiveCfg = Debug|Any CPU
		{79D95493-1113-42BF-B96A-FA07EFEBAB0A}.Debug|Mixed Platforms.Build.0 = Debug|Any CPU
		{79D95493-1113-42BF-B96A-FA07EFEBAB0A}.Debug|x86.ActiveCfg = Debug|Any CPU
		{79D95493-1113-42BF-B96A-FA07EFEBAB0A}.Debug|x86.Build.0 = Debug|Any CPU
		{79D95493-1113-42BF-B96A-FA07EFEBAB0A}.Release|Any CPU.ActiveCfg = Release|Any CPU
		{79D95493-1113-42BF-B96A-FA07EFEBAB0A}.Release|Any CPU.Build.0 = Release|Any CPU
		{79D95493-1113-42BF-B96A-FA07EFEBAB0A}.Release|Mixed Platforms.ActiveCfg = Release|Any CPU
		{79D95493-1113-42BF-B96A-FA07EFEBAB0A}.Release|Mixed Platforms.Build.0 = Release|Any CPU
		{79D95493-1113-42BF-B96A-FA07EFEBAB0A}.Release|x86.ActiveCfg = Release|Any CPU
		{79D95493-1113-42BF-B96A-FA07EFEBAB0A}.Release|x86.Build.0 = Release|Any CPU
		{8621E32F-7F8F-4B3F-89ED-D3E15192FD61}.Debug|Any CPU.ActiveCfg = Debug|Any CPU
		{8621E32F-7F8F-4B3F-89ED-D3E15192FD61}.Debug|Any CPU.Build.0 = Debug|Any CPU
		{8621E32F-7F8F-4B3F-89ED-D3E15192FD61}.Debug|Mixed Platforms.ActiveCfg = Debug|Any CPU
		{8621E32F-7F8F-4B3F-89ED-D3E15192FD61}.Debug|Mixed Platforms.Build.0 = Debug|Any CPU
		{8621E32F-7F8F-4B3F-89ED-D3E15192FD61}.Debug|x86.ActiveCfg = Debug|Any CPU
		{8621E32F-7F8F-4B3F-89ED-D3E15192FD61}.Debug|x86.Build.0 = Debug|Any CPU
		{8621E32F-7F8F-4B3F-89ED-D3E15192FD61}.Release|Any CPU.ActiveCfg = Release|Any CPU
		{8621E32F-7F8F-4B3F-89ED-D3E15192FD61}.Release|Any CPU.Build.0 = Release|Any CPU
		{8621E32F-7F8F-4B3F-89ED-D3E15192FD61}.Release|Mixed Platforms.ActiveCfg = Release|Any CPU
		{8621E32F-7F8F-4B3F-89ED-D3E15192FD61}.Release|Mixed Platforms.Build.0 = Release|Any CPU
		{8621E32F-7F8F-4B3F-89ED-D3E15192FD61}.Release|x86.ActiveCfg = Release|Any CPU
		{8621E32F-7F8F-4B3F-89ED-D3E15192FD61}.Release|x86.Build.0 = Release|Any CPU
		{55FF1E0A-B1DC-4FED-9DB8-FE47B19A271B}.Debug|Any CPU.ActiveCfg = Debug|Any CPU
		{55FF1E0A-B1DC-4FED-9DB8-FE47B19A271B}.Debug|Any CPU.Build.0 = Debug|Any CPU
		{55FF1E0A-B1DC-4FED-9DB8-FE47B19A271B}.Debug|Mixed Platforms.ActiveCfg = Debug|Any CPU
		{55FF1E0A-B1DC-4FED-9DB8-FE47B19A271B}.Debug|Mixed Platforms.Build.0 = Debug|Any CPU
		{55FF1E0A-B1DC-4FED-9DB8-FE47B19A271B}.Debug|x86.ActiveCfg = Debug|Any CPU
		{55FF1E0A-B1DC-4FED-9DB8-FE47B19A271B}.Debug|x86.Build.0 = Debug|Any CPU
		{55FF1E0A-B1DC-4FED-9DB8-FE47B19A271B}.Release|Any CPU.ActiveCfg = Release|Any CPU
		{55FF1E0A-B1DC-4FED-9DB8-FE47B19A271B}.Release|Any CPU.Build.0 = Release|Any CPU
		{55FF1E0A-B1DC-4FED-9DB8-FE47B19A271B}.Release|Mixed Platforms.ActiveCfg = Release|Any CPU
		{55FF1E0A-B1DC-4FED-9DB8-FE47B19A271B}.Release|Mixed Platforms.Build.0 = Release|Any CPU
		{55FF1E0A-B1DC-4FED-9DB8-FE47B19A271B}.Release|x86.ActiveCfg = Release|Any CPU
		{55FF1E0A-B1DC-4FED-9DB8-FE47B19A271B}.Release|x86.Build.0 = Release|Any CPU
		{0147ABFE-17E6-467E-97F4-139069669B25}.Debug|Any CPU.ActiveCfg = Debug|Any CPU
		{0147ABFE-17E6-467E-97F4-139069669B25}.Debug|Any CPU.Build.0 = Debug|Any CPU
		{0147ABFE-17E6-467E-97F4-139069669B25}.Debug|Mixed Platforms.ActiveCfg = Debug|Any CPU
		{0147ABFE-17E6-467E-97F4-139069669B25}.Debug|Mixed Platforms.Build.0 = Debug|Any CPU
		{0147ABFE-17E6-467E-97F4-139069669B25}.Debug|x86.ActiveCfg = Debug|Any CPU
		{0147ABFE-17E6-467E-97F4-139069669B25}.Debug|x86.Build.0 = Debug|Any CPU
		{0147ABFE-17E6-467E-97F4-139069669B25}.Release|Any CPU.ActiveCfg = Release|Any CPU
		{0147ABFE-17E6-467E-97F4-139069669B25}.Release|Any CPU.Build.0 = Release|Any CPU
		{0147ABFE-17E6-467E-97F4-139069669B25}.Release|Mixed Platforms.ActiveCfg = Release|Any CPU
		{0147ABFE-17E6-467E-97F4-139069669B25}.Release|Mixed Platforms.Build.0 = Release|Any CPU
		{0147ABFE-17E6-467E-97F4-139069669B25}.Release|x86.ActiveCfg = Release|Any CPU
		{0147ABFE-17E6-467E-97F4-139069669B25}.Release|x86.Build.0 = Release|Any CPU
		{AF0BE302-5AE2-4C74-9115-1342198ECB90}.Debug|Any CPU.ActiveCfg = Debug|Any CPU
		{AF0BE302-5AE2-4C74-9115-1342198ECB90}.Debug|Any CPU.Build.0 = Debug|Any CPU
		{AF0BE302-5AE2-4C74-9115-1342198ECB90}.Debug|Mixed Platforms.ActiveCfg = Debug|Any CPU
		{AF0BE302-5AE2-4C74-9115-1342198ECB90}.Debug|Mixed Platforms.Build.0 = Debug|Any CPU
		{AF0BE302-5AE2-4C74-9115-1342198ECB90}.Debug|x86.ActiveCfg = Debug|Any CPU
		{AF0BE302-5AE2-4C74-9115-1342198ECB90}.Debug|x86.Build.0 = Debug|Any CPU
		{AF0BE302-5AE2-4C74-9115-1342198ECB90}.Release|Any CPU.ActiveCfg = Release|Any CPU
		{AF0BE302-5AE2-4C74-9115-1342198ECB90}.Release|Any CPU.Build.0 = Release|Any CPU
		{AF0BE302-5AE2-4C74-9115-1342198ECB90}.Release|Mixed Platforms.ActiveCfg = Release|Any CPU
		{AF0BE302-5AE2-4C74-9115-1342198ECB90}.Release|Mixed Platforms.Build.0 = Release|Any CPU
		{AF0BE302-5AE2-4C74-9115-1342198ECB90}.Release|x86.ActiveCfg = Release|Any CPU
		{AF0BE302-5AE2-4C74-9115-1342198ECB90}.Release|x86.Build.0 = Release|Any CPU
		{E64A6562-57B5-4685-B4AF-67CD7672CBF9}.Debug|Any CPU.ActiveCfg = Debug|Any CPU
		{E64A6562-57B5-4685-B4AF-67CD7672CBF9}.Debug|Any CPU.Build.0 = Debug|Any CPU
		{E64A6562-57B5-4685-B4AF-67CD7672CBF9}.Debug|Mixed Platforms.ActiveCfg = Debug|Any CPU
		{E64A6562-57B5-4685-B4AF-67CD7672CBF9}.Debug|Mixed Platforms.Build.0 = Debug|Any CPU
		{E64A6562-57B5-4685-B4AF-67CD7672CBF9}.Debug|x86.ActiveCfg = Debug|Any CPU
		{E64A6562-57B5-4685-B4AF-67CD7672CBF9}.Debug|x86.Build.0 = Debug|Any CPU
		{E64A6562-57B5-4685-B4AF-67CD7672CBF9}.Release|Any CPU.ActiveCfg = Release|Any CPU
		{E64A6562-57B5-4685-B4AF-67CD7672CBF9}.Release|Any CPU.Build.0 = Release|Any CPU
		{E64A6562-57B5-4685-B4AF-67CD7672CBF9}.Release|Mixed Platforms.ActiveCfg = Release|Any CPU
		{E64A6562-57B5-4685-B4AF-67CD7672CBF9}.Release|Mixed Platforms.Build.0 = Release|Any CPU
		{E64A6562-57B5-4685-B4AF-67CD7672CBF9}.Release|x86.ActiveCfg = Release|Any CPU
		{E64A6562-57B5-4685-B4AF-67CD7672CBF9}.Release|x86.Build.0 = Release|Any CPU
		{DA514ED9-DEC9-469E-AFA4-1584646F540E}.Debug|Any CPU.ActiveCfg = Debug|Any CPU
		{DA514ED9-DEC9-469E-AFA4-1584646F540E}.Debug|Any CPU.Build.0 = Debug|Any CPU
		{DA514ED9-DEC9-469E-AFA4-1584646F540E}.Debug|Mixed Platforms.ActiveCfg = Debug|Any CPU
		{DA514ED9-DEC9-469E-AFA4-1584646F540E}.Debug|Mixed Platforms.Build.0 = Debug|Any CPU
		{DA514ED9-DEC9-469E-AFA4-1584646F540E}.Debug|x86.ActiveCfg = Debug|Any CPU
		{DA514ED9-DEC9-469E-AFA4-1584646F540E}.Debug|x86.Build.0 = Debug|Any CPU
		{DA514ED9-DEC9-469E-AFA4-1584646F540E}.Release|Any CPU.ActiveCfg = Release|Any CPU
		{DA514ED9-DEC9-469E-AFA4-1584646F540E}.Release|Any CPU.Build.0 = Release|Any CPU
		{DA514ED9-DEC9-469E-AFA4-1584646F540E}.Release|Mixed Platforms.ActiveCfg = Release|Any CPU
		{DA514ED9-DEC9-469E-AFA4-1584646F540E}.Release|Mixed Platforms.Build.0 = Release|Any CPU
		{DA514ED9-DEC9-469E-AFA4-1584646F540E}.Release|x86.ActiveCfg = Release|Any CPU
		{DA514ED9-DEC9-469E-AFA4-1584646F540E}.Release|x86.Build.0 = Release|Any CPU
		{E3169945-942D-426D-9D97-CDB04A6B17DE}.Debug|Any CPU.ActiveCfg = Debug|Any CPU
		{E3169945-942D-426D-9D97-CDB04A6B17DE}.Debug|Any CPU.Build.0 = Debug|Any CPU
		{E3169945-942D-426D-9D97-CDB04A6B17DE}.Debug|Mixed Platforms.ActiveCfg = Debug|Any CPU
		{E3169945-942D-426D-9D97-CDB04A6B17DE}.Debug|Mixed Platforms.Build.0 = Debug|Any CPU
		{E3169945-942D-426D-9D97-CDB04A6B17DE}.Debug|x86.ActiveCfg = Debug|Any CPU
		{E3169945-942D-426D-9D97-CDB04A6B17DE}.Debug|x86.Build.0 = Debug|Any CPU
		{E3169945-942D-426D-9D97-CDB04A6B17DE}.Release|Any CPU.ActiveCfg = Release|Any CPU
		{E3169945-942D-426D-9D97-CDB04A6B17DE}.Release|Any CPU.Build.0 = Release|Any CPU
		{E3169945-942D-426D-9D97-CDB04A6B17DE}.Release|Mixed Platforms.ActiveCfg = Release|Any CPU
		{E3169945-942D-426D-9D97-CDB04A6B17DE}.Release|Mixed Platforms.Build.0 = Release|Any CPU
		{E3169945-942D-426D-9D97-CDB04A6B17DE}.Release|x86.ActiveCfg = Release|Any CPU
		{E3169945-942D-426D-9D97-CDB04A6B17DE}.Release|x86.Build.0 = Release|Any CPU
		{220CDE2E-E7C8-4976-97F7-FE773CE2CC0B}.Debug|Any CPU.ActiveCfg = Debug|Any CPU
		{220CDE2E-E7C8-4976-97F7-FE773CE2CC0B}.Debug|Any CPU.Build.0 = Debug|Any CPU
		{220CDE2E-E7C8-4976-97F7-FE773CE2CC0B}.Debug|Mixed Platforms.ActiveCfg = Debug|Any CPU
		{220CDE2E-E7C8-4976-97F7-FE773CE2CC0B}.Debug|Mixed Platforms.Build.0 = Debug|Any CPU
		{220CDE2E-E7C8-4976-97F7-FE773CE2CC0B}.Debug|x86.ActiveCfg = Debug|Any CPU
		{220CDE2E-E7C8-4976-97F7-FE773CE2CC0B}.Debug|x86.Build.0 = Debug|Any CPU
		{220CDE2E-E7C8-4976-97F7-FE773CE2CC0B}.Release|Any CPU.ActiveCfg = Release|Any CPU
		{220CDE2E-E7C8-4976-97F7-FE773CE2CC0B}.Release|Any CPU.Build.0 = Release|Any CPU
		{220CDE2E-E7C8-4976-97F7-FE773CE2CC0B}.Release|Mixed Platforms.ActiveCfg = Release|Any CPU
		{220CDE2E-E7C8-4976-97F7-FE773CE2CC0B}.Release|Mixed Platforms.Build.0 = Release|Any CPU
		{220CDE2E-E7C8-4976-97F7-FE773CE2CC0B}.Release|x86.ActiveCfg = Release|Any CPU
		{220CDE2E-E7C8-4976-97F7-FE773CE2CC0B}.Release|x86.Build.0 = Release|Any CPU
		{0613EA51-CAF0-4562-810F-5F3A50BF27E1}.Debug|Any CPU.ActiveCfg = Debug|Any CPU
		{0613EA51-CAF0-4562-810F-5F3A50BF27E1}.Debug|Any CPU.Build.0 = Debug|Any CPU
		{0613EA51-CAF0-4562-810F-5F3A50BF27E1}.Debug|Mixed Platforms.ActiveCfg = Debug|Any CPU
		{0613EA51-CAF0-4562-810F-5F3A50BF27E1}.Debug|Mixed Platforms.Build.0 = Debug|Any CPU
		{0613EA51-CAF0-4562-810F-5F3A50BF27E1}.Debug|x86.ActiveCfg = Debug|Any CPU
		{0613EA51-CAF0-4562-810F-5F3A50BF27E1}.Debug|x86.Build.0 = Debug|Any CPU
		{0613EA51-CAF0-4562-810F-5F3A50BF27E1}.Release|Any CPU.ActiveCfg = Release|Any CPU
		{0613EA51-CAF0-4562-810F-5F3A50BF27E1}.Release|Any CPU.Build.0 = Release|Any CPU
		{0613EA51-CAF0-4562-810F-5F3A50BF27E1}.Release|Mixed Platforms.ActiveCfg = Release|Any CPU
		{0613EA51-CAF0-4562-810F-5F3A50BF27E1}.Release|Mixed Platforms.Build.0 = Release|Any CPU
		{0613EA51-CAF0-4562-810F-5F3A50BF27E1}.Release|x86.ActiveCfg = Release|Any CPU
		{0613EA51-CAF0-4562-810F-5F3A50BF27E1}.Release|x86.Build.0 = Release|Any CPU
		{F033154D-7021-4439-AAD0-B4FA0340F3DE}.Debug|Any CPU.ActiveCfg = Debug|Any CPU
		{F033154D-7021-4439-AAD0-B4FA0340F3DE}.Debug|Any CPU.Build.0 = Debug|Any CPU
		{F033154D-7021-4439-AAD0-B4FA0340F3DE}.Debug|Mixed Platforms.ActiveCfg = Debug|Any CPU
		{F033154D-7021-4439-AAD0-B4FA0340F3DE}.Debug|Mixed Platforms.Build.0 = Debug|Any CPU
		{F033154D-7021-4439-AAD0-B4FA0340F3DE}.Debug|x86.ActiveCfg = Debug|Any CPU
		{F033154D-7021-4439-AAD0-B4FA0340F3DE}.Debug|x86.Build.0 = Debug|Any CPU
		{F033154D-7021-4439-AAD0-B4FA0340F3DE}.Release|Any CPU.ActiveCfg = Release|Any CPU
		{F033154D-7021-4439-AAD0-B4FA0340F3DE}.Release|Any CPU.Build.0 = Release|Any CPU
		{F033154D-7021-4439-AAD0-B4FA0340F3DE}.Release|Mixed Platforms.ActiveCfg = Release|Any CPU
		{F033154D-7021-4439-AAD0-B4FA0340F3DE}.Release|Mixed Platforms.Build.0 = Release|Any CPU
		{F033154D-7021-4439-AAD0-B4FA0340F3DE}.Release|x86.ActiveCfg = Release|Any CPU
		{F033154D-7021-4439-AAD0-B4FA0340F3DE}.Release|x86.Build.0 = Release|Any CPU
		{2583DC96-F7BA-4E87-97D3-215B6BF8DD92}.Debug|Any CPU.ActiveCfg = Debug|Any CPU
		{2583DC96-F7BA-4E87-97D3-215B6BF8DD92}.Debug|Any CPU.Build.0 = Debug|Any CPU
		{2583DC96-F7BA-4E87-97D3-215B6BF8DD92}.Debug|Mixed Platforms.ActiveCfg = Debug|Any CPU
		{2583DC96-F7BA-4E87-97D3-215B6BF8DD92}.Debug|Mixed Platforms.Build.0 = Debug|Any CPU
		{2583DC96-F7BA-4E87-97D3-215B6BF8DD92}.Debug|x86.ActiveCfg = Debug|Any CPU
		{2583DC96-F7BA-4E87-97D3-215B6BF8DD92}.Debug|x86.Build.0 = Debug|Any CPU
		{2583DC96-F7BA-4E87-97D3-215B6BF8DD92}.Release|Any CPU.ActiveCfg = Release|Any CPU
		{2583DC96-F7BA-4E87-97D3-215B6BF8DD92}.Release|Any CPU.Build.0 = Release|Any CPU
		{2583DC96-F7BA-4E87-97D3-215B6BF8DD92}.Release|Mixed Platforms.ActiveCfg = Release|Any CPU
		{2583DC96-F7BA-4E87-97D3-215B6BF8DD92}.Release|Mixed Platforms.Build.0 = Release|Any CPU
		{2583DC96-F7BA-4E87-97D3-215B6BF8DD92}.Release|x86.ActiveCfg = Release|Any CPU
		{2583DC96-F7BA-4E87-97D3-215B6BF8DD92}.Release|x86.Build.0 = Release|Any CPU
		{AC47C27B-238C-4BFF-8018-E6E551F30B7A}.Debug|Any CPU.ActiveCfg = Debug|Any CPU
		{AC47C27B-238C-4BFF-8018-E6E551F30B7A}.Debug|Any CPU.Build.0 = Debug|Any CPU
		{AC47C27B-238C-4BFF-8018-E6E551F30B7A}.Debug|Mixed Platforms.ActiveCfg = Debug|Any CPU
		{AC47C27B-238C-4BFF-8018-E6E551F30B7A}.Debug|Mixed Platforms.Build.0 = Debug|Any CPU
		{AC47C27B-238C-4BFF-8018-E6E551F30B7A}.Debug|x86.ActiveCfg = Debug|Any CPU
		{AC47C27B-238C-4BFF-8018-E6E551F30B7A}.Debug|x86.Build.0 = Debug|Any CPU
		{AC47C27B-238C-4BFF-8018-E6E551F30B7A}.Release|Any CPU.ActiveCfg = Release|Any CPU
		{AC47C27B-238C-4BFF-8018-E6E551F30B7A}.Release|Any CPU.Build.0 = Release|Any CPU
		{AC47C27B-238C-4BFF-8018-E6E551F30B7A}.Release|Mixed Platforms.ActiveCfg = Release|Any CPU
		{AC47C27B-238C-4BFF-8018-E6E551F30B7A}.Release|Mixed Platforms.Build.0 = Release|Any CPU
		{AC47C27B-238C-4BFF-8018-E6E551F30B7A}.Release|x86.ActiveCfg = Release|Any CPU
		{AC47C27B-238C-4BFF-8018-E6E551F30B7A}.Release|x86.Build.0 = Release|Any CPU
		{C51F6E1D-0B77-4E1E-8A32-6B753D6F356C}.Debug|Any CPU.ActiveCfg = Debug|Any CPU
		{C51F6E1D-0B77-4E1E-8A32-6B753D6F356C}.Debug|Any CPU.Build.0 = Debug|Any CPU
		{C51F6E1D-0B77-4E1E-8A32-6B753D6F356C}.Debug|Mixed Platforms.ActiveCfg = Debug|Any CPU
		{C51F6E1D-0B77-4E1E-8A32-6B753D6F356C}.Debug|Mixed Platforms.Build.0 = Debug|Any CPU
		{C51F6E1D-0B77-4E1E-8A32-6B753D6F356C}.Debug|x86.ActiveCfg = Debug|Any CPU
		{C51F6E1D-0B77-4E1E-8A32-6B753D6F356C}.Debug|x86.Build.0 = Debug|Any CPU
		{C51F6E1D-0B77-4E1E-8A32-6B753D6F356C}.Release|Any CPU.ActiveCfg = Release|Any CPU
		{C51F6E1D-0B77-4E1E-8A32-6B753D6F356C}.Release|Any CPU.Build.0 = Release|Any CPU
		{C51F6E1D-0B77-4E1E-8A32-6B753D6F356C}.Release|Mixed Platforms.ActiveCfg = Release|Any CPU
		{C51F6E1D-0B77-4E1E-8A32-6B753D6F356C}.Release|Mixed Platforms.Build.0 = Release|Any CPU
		{C51F6E1D-0B77-4E1E-8A32-6B753D6F356C}.Release|x86.ActiveCfg = Release|Any CPU
		{C51F6E1D-0B77-4E1E-8A32-6B753D6F356C}.Release|x86.Build.0 = Release|Any CPU
		{04E88229-A022-4C94-8F95-EC8A71EF253A}.Debug|Any CPU.ActiveCfg = Debug|Any CPU
		{04E88229-A022-4C94-8F95-EC8A71EF253A}.Debug|Any CPU.Build.0 = Debug|Any CPU
		{04E88229-A022-4C94-8F95-EC8A71EF253A}.Debug|Mixed Platforms.ActiveCfg = Debug|Any CPU
		{04E88229-A022-4C94-8F95-EC8A71EF253A}.Debug|Mixed Platforms.Build.0 = Debug|Any CPU
		{04E88229-A022-4C94-8F95-EC8A71EF253A}.Debug|x86.ActiveCfg = Debug|Any CPU
		{04E88229-A022-4C94-8F95-EC8A71EF253A}.Debug|x86.Build.0 = Debug|Any CPU
		{04E88229-A022-4C94-8F95-EC8A71EF253A}.Release|Any CPU.ActiveCfg = Release|Any CPU
		{04E88229-A022-4C94-8F95-EC8A71EF253A}.Release|Any CPU.Build.0 = Release|Any CPU
		{04E88229-A022-4C94-8F95-EC8A71EF253A}.Release|Mixed Platforms.ActiveCfg = Release|Any CPU
		{04E88229-A022-4C94-8F95-EC8A71EF253A}.Release|Mixed Platforms.Build.0 = Release|Any CPU
		{04E88229-A022-4C94-8F95-EC8A71EF253A}.Release|x86.ActiveCfg = Release|Any CPU
		{04E88229-A022-4C94-8F95-EC8A71EF253A}.Release|x86.Build.0 = Release|Any CPU
		{3897386B-870A-45A3-849F-C44C18FC11EC}.Debug|Any CPU.ActiveCfg = Debug|Any CPU
		{3897386B-870A-45A3-849F-C44C18FC11EC}.Debug|Any CPU.Build.0 = Debug|Any CPU
		{3897386B-870A-45A3-849F-C44C18FC11EC}.Debug|Mixed Platforms.ActiveCfg = Debug|Any CPU
		{3897386B-870A-45A3-849F-C44C18FC11EC}.Debug|Mixed Platforms.Build.0 = Debug|Any CPU
		{3897386B-870A-45A3-849F-C44C18FC11EC}.Debug|x86.ActiveCfg = Debug|Any CPU
		{3897386B-870A-45A3-849F-C44C18FC11EC}.Debug|x86.Build.0 = Debug|Any CPU
		{3897386B-870A-45A3-849F-C44C18FC11EC}.Release|Any CPU.ActiveCfg = Release|Any CPU
		{3897386B-870A-45A3-849F-C44C18FC11EC}.Release|Any CPU.Build.0 = Release|Any CPU
		{3897386B-870A-45A3-849F-C44C18FC11EC}.Release|Mixed Platforms.ActiveCfg = Release|Any CPU
		{3897386B-870A-45A3-849F-C44C18FC11EC}.Release|Mixed Platforms.Build.0 = Release|Any CPU
		{3897386B-870A-45A3-849F-C44C18FC11EC}.Release|x86.ActiveCfg = Release|Any CPU
		{3897386B-870A-45A3-849F-C44C18FC11EC}.Release|x86.Build.0 = Release|Any CPU
		{95094448-0BC7-4E5B-9306-3A88F0DD676C}.Debug|Any CPU.ActiveCfg = Debug|Any CPU
		{95094448-0BC7-4E5B-9306-3A88F0DD676C}.Debug|Any CPU.Build.0 = Debug|Any CPU
		{95094448-0BC7-4E5B-9306-3A88F0DD676C}.Debug|Mixed Platforms.ActiveCfg = Debug|Any CPU
		{95094448-0BC7-4E5B-9306-3A88F0DD676C}.Debug|Mixed Platforms.Build.0 = Debug|Any CPU
		{95094448-0BC7-4E5B-9306-3A88F0DD676C}.Debug|x86.ActiveCfg = Debug|Any CPU
		{95094448-0BC7-4E5B-9306-3A88F0DD676C}.Debug|x86.Build.0 = Debug|Any CPU
		{95094448-0BC7-4E5B-9306-3A88F0DD676C}.Release|Any CPU.ActiveCfg = Release|Any CPU
		{95094448-0BC7-4E5B-9306-3A88F0DD676C}.Release|Any CPU.Build.0 = Release|Any CPU
		{95094448-0BC7-4E5B-9306-3A88F0DD676C}.Release|Mixed Platforms.ActiveCfg = Release|Any CPU
		{95094448-0BC7-4E5B-9306-3A88F0DD676C}.Release|Mixed Platforms.Build.0 = Release|Any CPU
		{95094448-0BC7-4E5B-9306-3A88F0DD676C}.Release|x86.ActiveCfg = Release|Any CPU
		{95094448-0BC7-4E5B-9306-3A88F0DD676C}.Release|x86.Build.0 = Release|Any CPU
	EndGlobalSection
	GlobalSection(SolutionProperties) = preSolution
		HideSolutionNode = FALSE
	EndGlobalSection
	GlobalSection(TeamFoundationVersionControl) = preSolution
		SccNumberOfProjects = 23
		SccEnterpriseProvider = {4CA58AB2-18FA-4F8D-95D4-32DDF27D184C}
		SccTeamFoundationServer = https://alco-sa.visualstudio.com/
		SccLocalPath0 = .
		SccProjectUniqueName1 = alcoReload\\alcoReload.vbproj
		SccProjectName1 = alcoReload
		SccLocalPath1 = alcoReload
		SccProjectUniqueName2 = ReglasNegocio\\ReglasNegocio.vbproj
		SccProjectName2 = ReglasNegocio
		SccLocalPath2 = ReglasNegocio
		SccProjectUniqueName3 = Formulador\\Formulador.csproj
		SccProjectName3 = Formulador
		SccLocalPath3 = Formulador
		SccProjectUniqueName4 = MdiTabPagesBar\\MdiTabPagesBar.csproj
		SccProjectName4 = MdiTabPagesBar
		SccLocalPath4 = MdiTabPagesBar
		SccProjectUniqueName5 = RichTextBoxSintaxHighLight\\RichTextBoxSyntaxHighLight.csproj
		SccProjectName5 = RichTextBoxSintaxHighLight
		SccLocalPath5 = RichTextBoxSintaxHighLight
		SccProjectUniqueName6 = Multiusos\\Multiusos.csproj
		SccProjectName6 = Multiusos
		SccLocalPath6 = Multiusos
		SccProjectUniqueName7 = DXF\\DXF.csproj
		SccProjectName7 = DXF
		SccLocalPath7 = DXF
		SccProjectUniqueName8 = ControlesPersonalizados\\ControlesPersonalizados.csproj
		SccProjectName8 = ControlesPersonalizados
		SccLocalPath8 = ControlesPersonalizados
		SccProjectUniqueName9 = Ribbon35\\Ribbon35.csproj
		SccProjectName9 = Ribbon35
		SccLocalPath9 = Ribbon35
		SccProjectUniqueName10 = Validaciones\\Validaciones.vbproj
		SccProjectName10 = Validaciones
		SccLocalPath10 = Validaciones
		SccProjectUniqueName11 = ManualesyAyudas\\ManualesyAyudas.csproj
		SccProjectName11 = ManualesyAyudas
		SccLocalPath11 = ManualesyAyudas
		SccProjectUniqueName12 = ComboBoxMultiColumna\\ComboBoxMultiColumna.csproj
		SccProjectName12 = ComboBoxMultiColumna
		SccLocalPath12 = ComboBoxMultiColumna
		SccProjectUniqueName13 = TreeDatagridview\\TreeDatagridview.csproj
		SccProjectName13 = TreeDatagridview
		SccLocalPath13 = TreeDatagridview
		SccProjectUniqueName14 = Norma\u0020NSR\\Norma\u0020NSR.csproj
		SccProjectName14 = Norma\u0020NSR
		SccLocalPath14 = Norma\u0020NSR
		SccProjectUniqueName15 = ManejoExcepciones\\ManejoExcepciones.csproj
		SccProjectName15 = ManejoExcepciones
		SccLocalPath15 = ManejoExcepciones
		SccProjectUniqueName16 = Informes\\Informes.vbproj
		SccProjectName16 = Informes
		SccLocalPath16 = Informes
		SccProjectUniqueName17 = Datos\\Datos.vbproj
		SccProjectName17 = Datos
		SccLocalPath17 = Datos
		SccProjectUniqueName18 = EspecialColumns\\EspecialColumns.csproj
		SccProjectName18 = EspecialColumns
		SccLocalPath18 = EspecialColumns
		SccProjectUniqueName19 = RichTextboxExtendido\\RichTextboxExtendido.csproj
		SccProjectName19 = RichTextboxExtendido
		SccLocalPath19 = RichTextboxExtendido
		SccProjectUniqueName20 = FormatosExportacion\\FormatosExportacion.csproj
		SccProjectName20 = FormatosExportacion
		SccLocalPath20 = FormatosExportacion
		SccProjectUniqueName21 = ToolStrip_Extras\\ToolStrip_Extras.csproj
		SccProjectName21 = ToolStrip_Extras
		SccLocalPath21 = ToolStrip_Extras
		SccProjectUniqueName22 = Alco_Web\\Alco_Web.csproj
		SccProjectName22 = Alco_Web
		SccLocalPath22 = Alco_Web
	EndGlobalSection
EndGlobal
